
Microsoft Visual Studio Solution File, Format Version 12.00
# Visual Studio Version 16
VisualStudioVersion = 16.0.32228.343
MinimumVisualStudioVersion = 10.0.40219.1
Project("{FAE04EC0-301F-11D3-BF4B-00C04F79EFBC}") = "CRUD_ORM", "CRUD_ORM\CRUD_ORM.csproj", "{43CDD517-0120-410E-B257-CC0DE0548EF1}"
EndProject
Global
	GlobalSection(SolutionConfigurationPlatforms) = preSolution
		Debug|Any CPU = Debug|Any CPU
		Release|Any CPU = Release|Any CPU
	EndGlobalSection
	GlobalSection(ProjectConfigurationPlatforms) = postSolution
		{43CDD517-0120-410E-B257-CC0DE0548EF1}.Debug|Any CPU.ActiveCfg = Debug|Any CPU
		{43CDD517-0120-410E-B257-CC0DE0548EF1}.Debug|Any CPU.Build.0 = Debug|Any CPU
		{43CDD517-0120-410E-B257-CC0DE0548EF1}.Release|Any CPU.ActiveCfg = Release|Any CPU
		{43CDD517-0120-410E-B257-CC0DE0548EF1}.Release|Any CPU.Build.0 = Release|Any CPU
	EndGlobalSection
	GlobalSection(SolutionProperties) = preSolution
		HideSolutionNode = FALSE
	EndGlobalSection
	GlobalSection(ExtensibilityGlobals) = postSolution
		SolutionGuid = {BBBAE81D-8B0B-4152-8E34-61DF01056E2B}
	EndGlobalSection
EndGlobal
